
Microsoft Visual Studio Solution File, Format Version 12.00
# Visual Studio Version 17
VisualStudioVersion = 17.4.33205.214
MinimumVisualStudioVersion = 10.0.40219.1
Project("{9A19103F-16F7-4668-BE54-9A1E7A4F7556}") = "UE", "UE\UE.csproj", "{7AF881DC-664B-4AF7-BCB6-8FA8CC5E8780}"
EndProject
Project("{9A19103F-16F7-4668-BE54-9A1E7A4F7556}") = "Game", "Game\Game.csproj", "{A2B210E9-51AE-490B-8B87-F8492CB2A417}"
EndProject
Project("{9A19103F-16F7-4668-BE54-9A1E7A4F7556}") = "AssemblyUtil", "AssemblyUtil\AssemblyUtil.csproj", "{3BFB7C65-5C07-4422-B67C-B4DA5A20EFA8}"
EndProject
Global
	GlobalSection(SolutionConfigurationPlatforms) = preSolution
		Debug|Any CPU = Debug|Any CPU
		Release|Any CPU = Release|Any CPU
	EndGlobalSection
	GlobalSection(ProjectConfigurationPlatforms) = postSolution
		{7AF881DC-664B-4AF7-BCB6-8FA8CC5E8780}.Debug|Any CPU.ActiveCfg = Debug|Any CPU
		{7AF881DC-664B-4AF7-BCB6-8FA8CC5E8780}.Debug|Any CPU.Build.0 = Debug|Any CPU
		{7AF881DC-664B-4AF7-BCB6-8FA8CC5E8780}.Release|Any CPU.ActiveCfg = Release|Any CPU
		{7AF881DC-664B-4AF7-BCB6-8FA8CC5E8780}.Release|Any CPU.Build.0 = Release|Any CPU
		{A2B210E9-51AE-490B-8B87-F8492CB2A417}.Debug|Any CPU.ActiveCfg = Debug|Any CPU
		{A2B210E9-51AE-490B-8B87-F8492CB2A417}.Debug|Any CPU.Build.0 = Debug|Any CPU
		{A2B210E9-51AE-490B-8B87-F8492CB2A417}.Release|Any CPU.ActiveCfg = Release|Any CPU
		{A2B210E9-51AE-490B-8B87-F8492CB2A417}.Release|Any CPU.Build.0 = Release|Any CPU
		{3BFB7C65-5C07-4422-B67C-B4DA5A20EFA8}.Debug|Any CPU.ActiveCfg = Debug|Any CPU
		{3BFB7C65-5C07-4422-B67C-B4DA5A20EFA8}.Debug|Any CPU.Build.0 = Debug|Any CPU
		{3BFB7C65-5C07-4422-B67C-B4DA5A20EFA8}.Release|Any CPU.ActiveCfg = Release|Any CPU
		{3BFB7C65-5C07-4422-B67C-B4DA5A20EFA8}.Release|Any CPU.Build.0 = Release|Any CPU
	EndGlobalSection
	GlobalSection(SolutionProperties) = preSolution
		HideSolutionNode = FALSE
	EndGlobalSection
	GlobalSection(ExtensibilityGlobals) = postSolution
		SolutionGuid = {0D8693EC-9298-4C45-A732-DD6F22FBFE64}
	EndGlobalSection
EndGlobal
