
Microsoft Visual Studio Solution File, Format Version 12.00
# Visual Studio Version 17
VisualStudioVersion = 17.5.33530.505
MinimumVisualStudioVersion = 10.0.40219.1
Project("{FAE04EC0-301F-11D3-BF4B-00C04F79EFBC}") = "AssemblyUtil", "AssemblyUtil.csproj", "{D0784525-7519-4BF9-B2AD-5090527DF45C}"
EndProject
Global
	GlobalSection(SolutionConfigurationPlatforms) = preSolution
		Debug|Any CPU = Debug|Any CPU
		Release|Any CPU = Release|Any CPU
	EndGlobalSection
	GlobalSection(ProjectConfigurationPlatforms) = postSolution
		{D0784525-7519-4BF9-B2AD-5090527DF45C}.Debug|Any CPU.ActiveCfg = Debug|Any CPU
		{D0784525-7519-4BF9-B2AD-5090527DF45C}.Debug|Any CPU.Build.0 = Debug|Any CPU
		{D0784525-7519-4BF9-B2AD-5090527DF45C}.Release|Any CPU.ActiveCfg = Release|Any CPU
		{D0784525-7519-4BF9-B2AD-5090527DF45C}.Release|Any CPU.Build.0 = Release|Any CPU
	EndGlobalSection
	GlobalSection(SolutionProperties) = preSolution
		HideSolutionNode = FALSE
	EndGlobalSection
	GlobalSection(ExtensibilityGlobals) = postSolution
		SolutionGuid = {01C242DB-8706-46DA-B991-C8C105912029}
	EndGlobalSection
EndGlobal
